
Microsoft Visual Studio Solution File, Format Version 12.00
# Visual Studio Version 17
VisualStudioVersion = 17.3.32929.385
MinimumVisualStudioVersion = 10.0.40219.1
Project("{2150E333-8FDC-42A3-9474-1A3956D46DE8}") = "Solution Items", "Solution Items", "{DE7AF44B-0F54-4DF6-B345-93529DB68D16}"
	ProjectSection(SolutionItems) = preProject
		.gitattributes = .gitattributes
		.gitignore = .gitignore
		.github\workflows\build.yml = .github\workflows\build.yml
		.github\workflows\package.yml = .github\workflows\package.yml
		README.md = README.md
	EndProjectSection
EndProject
Project("{9A19103F-16F7-4668-BE54-9A1E7A4F7556}") = "HealthPageGenerator.Demo", "source\HealthPageGenerator.Demo\HealthPageGenerator.Demo.csproj", "{0C90F10A-239A-4FBC-A2EF-B3DA817FFFA2}"
EndProject
Project("{9A19103F-16F7-4668-BE54-9A1E7A4F7556}") = "AspNetCore.HealthChecks.Generator", "source\AspNetCore.HealthChecks.Generator\AspNetCore.HealthChecks.Generator.csproj", "{A727EEEB-E4E0-40C7-B408-2CDB2FDA23BF}"
EndProject
Global
	GlobalSection(SolutionConfigurationPlatforms) = preSolution
		Debug|Any CPU = Debug|Any CPU
		Release|Any CPU = Release|Any CPU
	EndGlobalSection
	GlobalSection(ProjectConfigurationPlatforms) = postSolution
		{0C90F10A-239A-4FBC-A2EF-B3DA817FFFA2}.Debug|Any CPU.ActiveCfg = Debug|Any CPU
		{0C90F10A-239A-4FBC-A2EF-B3DA817FFFA2}.Debug|Any CPU.Build.0 = Debug|Any CPU
		{0C90F10A-239A-4FBC-A2EF-B3DA817FFFA2}.Release|Any CPU.ActiveCfg = Release|Any CPU
		{0C90F10A-239A-4FBC-A2EF-B3DA817FFFA2}.Release|Any CPU.Build.0 = Release|Any CPU
		{A727EEEB-E4E0-40C7-B408-2CDB2FDA23BF}.Debug|Any CPU.ActiveCfg = Debug|Any CPU
		{A727EEEB-E4E0-40C7-B408-2CDB2FDA23BF}.Debug|Any CPU.Build.0 = Debug|Any CPU
		{A727EEEB-E4E0-40C7-B408-2CDB2FDA23BF}.Release|Any CPU.ActiveCfg = Release|Any CPU
		{A727EEEB-E4E0-40C7-B408-2CDB2FDA23BF}.Release|Any CPU.Build.0 = Release|Any CPU
	EndGlobalSection
	GlobalSection(SolutionProperties) = preSolution
		HideSolutionNode = FALSE
	EndGlobalSection
	GlobalSection(ExtensibilityGlobals) = postSolution
		SolutionGuid = {746599A2-AE94-4E1C-907B-7415406E67A1}
	EndGlobalSection
EndGlobal
